PODS:
  - FMDB (2.7.12):
    - FMDB/standard (= 2.7.12)
  - FMDB/Core (2.7.12)
  - FMDB/standard (2.7.12):
    - FMDB/Core
  - Reachability (3.2)
  - TrackingSDK (0.2.1):
    - FMDB (~> 2.7)
    - Reachability (~> 3.2.0)

DEPENDENCIES:
  - TrackingSDK (from `./TrackingSDK`)

SPEC REPOS:
  trunk:
    - FMDB
    - Reachability

EXTERNAL SOURCES:
  TrackingSDK:
    :path: "./TrackingSDK"

SPEC CHECKSUMS:
  FMDB: 728731dd336af3936ce00f91d9d8495f5718a0e6
  Reachability: 33e18b67625424e47b6cde6d202dce689ad7af96
  TrackingSDK: fed4cfbeb54ec511765c3f8a8aa8c5f978274b42

PODFILE CHECKSUM: 5a2e14d4f1c3876ecbb720f733db959957bc9405

COCOAPODS: 1.16.2
