PODS:
  - FMDB (2.7.12):
    - FMDB/standard (= 2.7.12)
  - FMDB/Core (2.7.12)
  - FMDB/standard (2.7.12):
    - FMDB/Core
  - SjsTrackingSDK (0.2.3):
    - FMDB (~> 2.7)

DEPENDENCIES:
  - SjsTrackingSDK (from `./SjsTrackingSDK`)

SPEC REPOS:
  trunk:
    - FMDB

EXTERNAL SOURCES:
  SjsTrackingSDK:
    :path: "./SjsTrackingSDK"

SPEC CHECKSUMS:
  FMDB: 728731dd336af3936ce00f91d9d8495f5718a0e6
  SjsTrackingSDK: 78edadb003c248a2626af864baae64890a106568

PODFILE CHECKSUM: d937acd1beaa6835092539ebf14f7729d340b7a4

COCOAPODS: 1.16.2
