PODS:
  - Reachability (3.2)
  - TrackingSDK (0.2.1):
    - Reachability (~> 3.2.0)

DEPENDENCIES:
  - TrackingSDK (from `./TrackingSDK`)

SPEC REPOS:
  trunk:
    - Reachability

EXTERNAL SOURCES:
  TrackingSDK:
    :path: "./TrackingSDK"

SPEC CHECKSUMS:
  Reachability: 33e18b67625424e47b6cde6d202dce689ad7af96
  TrackingSDK: 61e950b189cea1633ce5a760c394eef4964b88d9

PODFILE CHECKSUM: dd25a62eb7cab1aad0354d569fefafbba9038dd1

COCOAPODS: 1.16.2
