// !$*UTF8*$!
{
	archiveVersion = 1;
	classes = {
	};
	objectVersion = 55;
	objects = {

/* Begin PBXBuildFile section */
		294A08542C979C084831151D /* Pods_app.framework in Frameworks */ = {isa = PBXBuildFile; fileRef = F810F2E3C007F54E4476C36F /* Pods_app.framework */; };
		2CCEEDF02D2D18AE00860CC1 /* HomeView.swift in Sources */ = {isa = PBXBuildFile; fileRef = 2CCEEDEF2D2D18AE00860CC1 /* HomeView.swift */; };
		2CCEEDF22D2D18B500860CC1 /* SettingsView.swift in Sources */ = {isa = PBXBuildFile; fileRef = 2CCEEDF12D2D18B500860CC1 /* SettingsView.swift */; };
		2CCEEDF42D2E19D000860CC1 /* Security.framework in Frameworks */ = {isa = PBXBuildFile; fileRef = 2CCEEDF32D2E19D000860CC1 /* Security.framework */; };
		2CCEEDF62D2E19D900860CC1 /* CoreTelephony.framework in Frameworks */ = {isa = PBXBuildFile; fileRef = 2CCEEDF52D2E19D900860CC1 /* CoreTelephony.framework */; };
		2CCEEDF82D2E19E000860CC1 /* AdSupport.framework in Frameworks */ = {isa = PBXBuildFile; fileRef = 2CCEEDF72D2E19E000860CC1 /* AdSupport.framework */; };
		2CCEEDFA2D2E19E600860CC1 /* SystemConfiguration.framework in Frameworks */ = {isa = PBXBuildFile; fileRef = 2CCEEDF92D2E19E600860CC1 /* SystemConfiguration.framework */; };
		2CCEEDFC2D2E19EC00860CC1 /* CoreMotion.framework in Frameworks */ = {isa = PBXBuildFile; fileRef = 2CCEEDFB2D2E19EC00860CC1 /* CoreMotion.framework */; };
		2CCEEDFE2D2E19F800860CC1 /* AdServices.framework in Frameworks */ = {isa = PBXBuildFile; fileRef = 2CCEEDFD2D2E19F800860CC1 /* AdServices.framework */; };
		2CCEEE002D2E19FD00860CC1 /* AVFoundation.framework in Frameworks */ = {isa = PBXBuildFile; fileRef = 2CCEEDFF2D2E19FD00860CC1 /* AVFoundation.framework */; };
		2CCEEE022D2E1A0300860CC1 /* libz.tbd in Frameworks */ = {isa = PBXBuildFile; fileRef = 2CCEEE012D2E1A0300860CC1 /* libz.tbd */; };
		2CCEEE042D2E1A1000860CC1 /* libresolv.9.tbd in Frameworks */ = {isa = PBXBuildFile; fileRef = 2CCEEE032D2E1A1000860CC1 /* libresolv.9.tbd */; };
		2CCEEE062D2E1A1B00860CC1 /* libresolv.tbd in Frameworks */ = {isa = PBXBuildFile; fileRef = 2CCEEE052D2E1A1B00860CC1 /* libresolv.tbd */; };
		2CCEEE082D2E1A2500860CC1 /* libc++.tbd in Frameworks */ = {isa = PBXBuildFile; fileRef = 2CCEEE072D2E1A2500860CC1 /* libc++.tbd */; };
		2CCEEE0A2D2E1A2B00860CC1 /* CFNetwork.framework in Frameworks */ = {isa = PBXBuildFile; fileRef = 2CCEEE092D2E1A2A00860CC1 /* CFNetwork.framework */; };
		2CCEEE0C2D2E1A3000860CC1 /* WebKit.framework in Frameworks */ = {isa = PBXBuildFile; fileRef = 2CCEEE0B2D2E1A3000860CC1 /* WebKit.framework */; };
		D28420132D2BE1EC00BED019 /* appApp.swift in Sources */ = {isa = PBXBuildFile; fileRef = D28420122D2BE1EC00BED019 /* appApp.swift */; };
		D28420152D2BE1EC00BED019 /* ContentView.swift in Sources */ = {isa = PBXBuildFile; fileRef = D28420142D2BE1EC00BED019 /* ContentView.swift */; };
		D28420172D2BE1ED00BED019 /* Assets.xcassets in Resources */ = {isa = PBXBuildFile; fileRef = D28420162D2BE1ED00BED019 /* Assets.xcassets */; };
		D284201A2D2BE1ED00BED019 /* Preview Assets.xcassets in Resources */ = {isa = PBXBuildFile; fileRef = D28420192D2BE1ED00BED019 /* Preview Assets.xcassets */; };
/* End PBXBuildFile section */

/* Begin PBXCopyFilesBuildPhase section */
		D284202A2D2BE23A00BED019 /* Embed Frameworks */ = {
			isa = PBXCopyFilesBuildPhase;
			buildActionMask = 2147483647;
			dstPath = "";
			dstSubfolderSpec = 10;
			files = (
			);
			name = "Embed Frameworks";
			runOnlyForDeploymentPostprocessing = 0;
		};
/* End PBXCopyFilesBuildPhase section */

/* Begin PBXFileReference section */
		01EB42A6DC70198E2941B5B5 /* Pods-app.debug.xcconfig */ = {isa = PBXFileReference; includeInIndex = 1; lastKnownFileType = text.xcconfig; name = "Pods-app.debug.xcconfig"; path = "Target Support Files/Pods-app/Pods-app.debug.xcconfig"; sourceTree = "<group>"; };
		2CCEEDEF2D2D18AE00860CC1 /* HomeView.swift */ = {isa = PBXFileReference; lastKnownFileType = sourcecode.swift; path = HomeView.swift; sourceTree = "<group>"; };
		2CCEEDF12D2D18B500860CC1 /* SettingsView.swift */ = {isa = PBXFileReference; lastKnownFileType = sourcecode.swift; path = SettingsView.swift; sourceTree = "<group>"; };
		2CCEEDF32D2E19D000860CC1 /* Security.framework */ = {isa = PBXFileReference; lastKnownFileType = wrapper.framework; name = Security.framework; path = System/Library/Frameworks/Security.framework; sourceTree = SDKROOT; };
		2CCEEDF52D2E19D900860CC1 /* CoreTelephony.framework */ = {isa = PBXFileReference; lastKnownFileType = wrapper.framework; name = CoreTelephony.framework; path = System/Library/Frameworks/CoreTelephony.framework; sourceTree = SDKROOT; };
		2CCEEDF72D2E19E000860CC1 /* AdSupport.framework */ = {isa = PBXFileReference; lastKnownFileType = wrapper.framework; name = AdSupport.framework; path = System/Library/Frameworks/AdSupport.framework; sourceTree = SDKROOT; };
		2CCEEDF92D2E19E600860CC1 /* SystemConfiguration.framework */ = {isa = PBXFileReference; lastKnownFileType = wrapper.framework; name = SystemConfiguration.framework; path = System/Library/Frameworks/SystemConfiguration.framework; sourceTree = SDKROOT; };
		2CCEEDFB2D2E19EC00860CC1 /* CoreMotion.framework */ = {isa = PBXFileReference; lastKnownFileType = wrapper.framework; name = CoreMotion.framework; path = System/Library/Frameworks/CoreMotion.framework; sourceTree = SDKROOT; };
		2CCEEDFD2D2E19F800860CC1 /* AdServices.framework */ = {isa = PBXFileReference; lastKnownFileType = wrapper.framework; name = AdServices.framework; path = System/Library/Frameworks/AdServices.framework; sourceTree = SDKROOT; };
		2CCEEDFF2D2E19FD00860CC1 /* AVFoundation.framework */ = {isa = PBXFileReference; lastKnownFileType = wrapper.framework; name = AVFoundation.framework; path = System/Library/Frameworks/AVFoundation.framework; sourceTree = SDKROOT; };
		2CCEEE012D2E1A0300860CC1 /* libz.tbd */ = {isa = PBXFileReference; lastKnownFileType = "sourcecode.text-based-dylib-definition"; name = libz.tbd; path = usr/lib/libz.tbd; sourceTree = SDKROOT; };
		2CCEEE032D2E1A1000860CC1 /* libresolv.9.tbd */ = {isa = PBXFileReference; lastKnownFileType = "sourcecode.text-based-dylib-definition"; name = libresolv.9.tbd; path = usr/lib/libresolv.9.tbd; sourceTree = SDKROOT; };
		2CCEEE052D2E1A1B00860CC1 /* libresolv.tbd */ = {isa = PBXFileReference; lastKnownFileType = "sourcecode.text-based-dylib-definition"; name = libresolv.tbd; path = usr/lib/libresolv.tbd; sourceTree = SDKROOT; };
		2CCEEE072D2E1A2500860CC1 /* libc++.tbd */ = {isa = PBXFileReference; lastKnownFileType = "sourcecode.text-based-dylib-definition"; name = "libc++.tbd"; path = "usr/lib/libc++.tbd"; sourceTree = SDKROOT; };
		2CCEEE092D2E1A2A00860CC1 /* CFNetwork.framework */ = {isa = PBXFileReference; lastKnownFileType = wrapper.framework; name = CFNetwork.framework; path = System/Library/Frameworks/CFNetwork.framework; sourceTree = SDKROOT; };
		2CCEEE0B2D2E1A3000860CC1 /* WebKit.framework */ = {isa = PBXFileReference; lastKnownFileType = wrapper.framework; name = WebKit.framework; path = System/Library/Frameworks/WebKit.framework; sourceTree = SDKROOT; };
		56F5182BCBB30B77200C1B15 /* Pods-app.release.xcconfig */ = {isa = PBXFileReference; includeInIndex = 1; lastKnownFileType = text.xcconfig; name = "Pods-app.release.xcconfig"; path = "Target Support Files/Pods-app/Pods-app.release.xcconfig"; sourceTree = "<group>"; };
		D284200F2D2BE1EC00BED019 /* app.app */ = {isa = PBXFileReference; explicitFileType = wrapper.application; includeInIndex = 0; path = app.app; sourceTree = BUILT_PRODUCTS_DIR; };
		D28420122D2BE1EC00BED019 /* appApp.swift */ = {isa = PBXFileReference; lastKnownFileType = sourcecode.swift; path = appApp.swift; sourceTree = "<group>"; };
		D28420142D2BE1EC00BED019 /* ContentView.swift */ = {isa = PBXFileReference; lastKnownFileType = sourcecode.swift; path = ContentView.swift; sourceTree = "<group>"; };
		D28420162D2BE1ED00BED019 /* Assets.xcassets */ = {isa = PBXFileReference; lastKnownFileType = folder.assetcatalog; path = Assets.xcassets; sourceTree = "<group>"; };
		D28420192D2BE1ED00BED019 /* Preview Assets.xcassets */ = {isa = PBXFileReference; lastKnownFileType = folder.assetcatalog; path = "Preview Assets.xcassets"; sourceTree = "<group>"; };
		D28420372D2BE42800BED019 /* app-Bridging-Header.h */ = {isa = PBXFileReference; fileEncoding = 4; lastKnownFileType = sourcecode.c.h; name = "app-Bridging-Header.h"; path = "app/app-Bridging-Header.h"; sourceTree = "<group>"; };
		F810F2E3C007F54E4476C36F /* Pods_app.framework */ = {isa = PBXFileReference; explicitFileType = wrapper.framework; includeInIndex = 0; path = Pods_app.framework; sourceTree = BUILT_PRODUCTS_DIR; };
/* End PBXFileReference section */

/* Begin PBXFrameworksBuildPhase section */
		D284200C2D2BE1EC00BED019 /* Frameworks */ = {
			isa = PBXFrameworksBuildPhase;
			buildActionMask = 2147483647;
			files = (
				2CCEEE0C2D2E1A3000860CC1 /* WebKit.framework in Frameworks */,
				2CCEEE0A2D2E1A2B00860CC1 /* CFNetwork.framework in Frameworks */,
				2CCEEE082D2E1A2500860CC1 /* libc++.tbd in Frameworks */,
				2CCEEE062D2E1A1B00860CC1 /* libresolv.tbd in Frameworks */,
				2CCEEE042D2E1A1000860CC1 /* libresolv.9.tbd in Frameworks */,
				2CCEEE022D2E1A0300860CC1 /* libz.tbd in Frameworks */,
				2CCEEE002D2E19FD00860CC1 /* AVFoundation.framework in Frameworks */,
				2CCEEDFE2D2E19F800860CC1 /* AdServices.framework in Frameworks */,
				2CCEEDFC2D2E19EC00860CC1 /* CoreMotion.framework in Frameworks */,
				2CCEEDFA2D2E19E600860CC1 /* SystemConfiguration.framework in Frameworks */,
				2CCEEDF82D2E19E000860CC1 /* AdSupport.framework in Frameworks */,
				2CCEEDF62D2E19D900860CC1 /* CoreTelephony.framework in Frameworks */,
				2CCEEDF42D2E19D000860CC1 /* Security.framework in Frameworks */,
				294A08542C979C084831151D /* Pods_app.framework in Frameworks */,
			);
			runOnlyForDeploymentPostprocessing = 0;
		};
/* End PBXFrameworksBuildPhase section */

/* Begin PBXGroup section */
		3B7C8C259B36E04D14AFEB23 /* Pods */ = {
			isa = PBXGroup;
			children = (
				01EB42A6DC70198E2941B5B5 /* Pods-app.debug.xcconfig */,
				56F5182BCBB30B77200C1B15 /* Pods-app.release.xcconfig */,
			);
			name = Pods;
			path = ../Pods;
			sourceTree = "<group>";
		};
		D28420062D2BE1EC00BED019 = {
			isa = PBXGroup;
			children = (
				D28420372D2BE42800BED019 /* app-Bridging-Header.h */,
				D28420112D2BE1EC00BED019 /* app */,
				D28420102D2BE1EC00BED019 /* Products */,
				D28420202D2BE23900BED019 /* Frameworks */,
				3B7C8C259B36E04D14AFEB23 /* Pods */,
			);
			sourceTree = "<group>";
		};
		D28420102D2BE1EC00BED019 /* Products */ = {
			isa = PBXGroup;
			children = (
				D284200F2D2BE1EC00BED019 /* app.app */,
			);
			name = Products;
			sourceTree = "<group>";
		};
		D28420112D2BE1EC00BED019 /* app */ = {
			isa = PBXGroup;
			children = (
				2CCEEDF12D2D18B500860CC1 /* SettingsView.swift */,
				2CCEEDEF2D2D18AE00860CC1 /* HomeView.swift */,
				D28420122D2BE1EC00BED019 /* appApp.swift */,
				D28420142D2BE1EC00BED019 /* ContentView.swift */,
				D28420162D2BE1ED00BED019 /* Assets.xcassets */,
				D28420182D2BE1ED00BED019 /* Preview Content */,
			);
			path = app;
			sourceTree = "<group>";
		};
		D28420182D2BE1ED00BED019 /* Preview Content */ = {
			isa = PBXGroup;
			children = (
				D28420192D2BE1ED00BED019 /* Preview Assets.xcassets */,
			);
			path = "Preview Content";
			sourceTree = "<group>";
		};
		D28420202D2BE23900BED019 /* Frameworks */ = {
			isa = PBXGroup;
			children = (
				2CCEEE0B2D2E1A3000860CC1 /* WebKit.framework */,
				2CCEEE092D2E1A2A00860CC1 /* CFNetwork.framework */,
				2CCEEE072D2E1A2500860CC1 /* libc++.tbd */,
				2CCEEE052D2E1A1B00860CC1 /* libresolv.tbd */,
				2CCEEE032D2E1A1000860CC1 /* libresolv.9.tbd */,
				2CCEEE012D2E1A0300860CC1 /* libz.tbd */,
				2CCEEDFF2D2E19FD00860CC1 /* AVFoundation.framework */,
				2CCEEDFD2D2E19F800860CC1 /* AdServices.framework */,
				2CCEEDFB2D2E19EC00860CC1 /* CoreMotion.framework */,
				2CCEEDF92D2E19E600860CC1 /* SystemConfiguration.framework */,
				2CCEEDF72D2E19E000860CC1 /* AdSupport.framework */,
				2CCEEDF52D2E19D900860CC1 /* CoreTelephony.framework */,
				2CCEEDF32D2E19D000860CC1 /* Security.framework */,
				F810F2E3C007F54E4476C36F /* Pods_app.framework */,
			);
			name = Frameworks;
			sourceTree = "<group>";
		};
/* End PBXGroup section */

/* Begin PBXNativeTarget section */
		D284200E2D2BE1EC00BED019 /* app */ = {
			isa = PBXNativeTarget;
			buildConfigurationList = D284201D2D2BE1ED00BED019 /* Build configuration list for PBXNativeTarget "app" */;
			buildPhases = (
				4E50AC8430AE0CA006B40069 /* [CP] Check Pods Manifest.lock */,
				D284200B2D2BE1EC00BED019 /* Sources */,
				D284200C2D2BE1EC00BED019 /* Frameworks */,
				D284200D2D2BE1EC00BED019 /* Resources */,
				D284202A2D2BE23A00BED019 /* Embed Frameworks */,
				F912E899AF9E010D9D84A752 /* [CP] Embed Pods Frameworks */,
			);
			buildRules = (
			);
			dependencies = (
			);
			name = app;
			productName = app;
			productReference = D284200F2D2BE1EC00BED019 /* app.app */;
			productType = "com.apple.product-type.application";
		};
/* End PBXNativeTarget section */

/* Begin PBXProject section */
		D28420072D2BE1EC00BED019 /* Project object */ = {
			isa = PBXProject;
			attributes = {
				BuildIndependentTargetsInParallel = 1;
				LastSwiftUpdateCheck = 1510;
				LastUpgradeCheck = 1510;
				TargetAttributes = {
					D284200E2D2BE1EC00BED019 = {
						CreatedOnToolsVersion = 15.1;
					};
				};
			};
			buildConfigurationList = D284200A2D2BE1EC00BED019 /* Build configuration list for PBXProject "app" */;
			compatibilityVersion = "Xcode 13.0";
			developmentRegion = en;
			hasScannedForEncodings = 0;
			knownRegions = (
				en,
				Base,
			);
			mainGroup = D28420062D2BE1EC00BED019;
			productRefGroup = D28420102D2BE1EC00BED019 /* Products */;
			projectDirPath = "";
			projectRoot = "";
			targets = (
				D284200E2D2BE1EC00BED019 /* app */,
			);
		};
/* End PBXProject section */

/* Begin PBXResourcesBuildPhase section */
		D284200D2D2BE1EC00BED019 /* Resources */ = {
			isa = PBXResourcesBuildPhase;
			buildActionMask = 2147483647;
			files = (
				D284201A2D2BE1ED00BED019 /* Preview Assets.xcassets in Resources */,
				D28420172D2BE1ED00BED019 /* Assets.xcassets in Resources */,
			);
			runOnlyForDeploymentPostprocessing = 0;
		};
/* End PBXResourcesBuildPhase section */

/* Begin PBXShellScriptBuildPhase section */
		4E50AC8430AE0CA006B40069 /* [CP] Check Pods Manifest.lock */ = {
			isa = PBXShellScriptBuildPhase;
			buildActionMask = 2147483647;
			files = (
			);
			inputFileListPaths = (
			);
			inputPaths = (
				"${PODS_PODFILE_DIR_PATH}/Podfile.lock",
				"${PODS_ROOT}/Manifest.lock",
			);
			name = "[CP] Check Pods Manifest.lock";
			outputFileListPaths = (
			);
			outputPaths = (
				"$(DERIVED_FILE_DIR)/Pods-app-checkManifestLockResult.txt",
			);
			runOnlyForDeploymentPostprocessing = 0;
			shellPath = /bin/sh;
			shellScript = "diff \"${PODS_PODFILE_DIR_PATH}/Podfile.lock\" \"${PODS_ROOT}/Manifest.lock\" > /dev/null\nif [ $? != 0 ] ; then\n    # print error to STDERR\n    echo \"error: The sandbox is not in sync with the Podfile.lock. Run 'pod install' or update your CocoaPods installation.\" >&2\n    exit 1\nfi\n# This output is used by Xcode 'outputs' to avoid re-running this script phase.\necho \"SUCCESS\" > \"${SCRIPT_OUTPUT_FILE_0}\"\n";
			showEnvVarsInLog = 0;
		};
		F912E899AF9E010D9D84A752 /* [CP] Embed Pods Frameworks */ = {
			isa = PBXShellScriptBuildPhase;
			buildActionMask = 2147483647;
			files = (
			);
			inputFileListPaths = (
				"${PODS_ROOT}/Target Support Files/Pods-app/Pods-app-frameworks-${CONFIGURATION}-input-files.xcfilelist",
			);
			name = "[CP] Embed Pods Frameworks";
			outputFileListPaths = (
				"${PODS_ROOT}/Target Support Files/Pods-app/Pods-app-frameworks-${CONFIGURATION}-output-files.xcfilelist",
			);
			runOnlyForDeploymentPostprocessing = 0;
			shellPath = /bin/sh;
			shellScript = "\"${PODS_ROOT}/Target Support Files/Pods-app/Pods-app-frameworks.sh\"\n";
			showEnvVarsInLog = 0;
		};
/* End PBXShellScriptBuildPhase section */

/* Begin PBXSourcesBuildPhase section */
		D284200B2D2BE1EC00BED019 /* Sources */ = {
			isa = PBXSourcesBuildPhase;
			buildActionMask = 2147483647;
			files = (
				2CCEEDF02D2D18AE00860CC1 /* HomeView.swift in Sources */,
				2CCEEDF22D2D18B500860CC1 /* SettingsView.swift in Sources */,
				D28420152D2BE1EC00BED019 /* ContentView.swift in Sources */,
				D28420132D2BE1EC00BED019 /* appApp.swift in Sources */,
			);
			runOnlyForDeploymentPostprocessing = 0;
		};
/* End PBXSourcesBuildPhase section */

/* Begin XCBuildConfiguration section */
		D284201B2D2BE1ED00BED019 /* Debug */ = {
			isa = XCBuildConfiguration;
			buildSettings = {
				ALWAYS_SEARCH_USER_PATHS = NO;
				ASSETCATALOG_COMPILER_GENERATE_SWIFT_ASSET_SYMBOL_EXTENSIONS = YES;
				CLANG_ANALYZER_NONNULL = YES;
				CLANG_ANALYZER_NUMBER_OBJECT_CONVERSION = YES_AGGRESSIVE;
				CLANG_CXX_LANGUAGE_STANDARD = "gnu++20";
				CLANG_ENABLE_MODULES = YES;
				CLANG_ENABLE_OBJC_ARC = YES;
				CLANG_ENABLE_OBJC_WEAK = YES;
				CLANG_WARN_BLOCK_CAPTURE_AUTORELEASING = YES;
				CLANG_WARN_BOOL_CONVERSION = YES;
				CLANG_WARN_COMMA = YES;
				CLANG_WARN_CONSTANT_CONVERSION = YES;
				CLANG_WARN_DEPRECATED_OBJC_IMPLEMENTATIONS = YES;
				CLANG_WARN_DIRECT_OBJC_ISA_USAGE = YES_ERROR;
				CLANG_WARN_DOCUMENTATION_COMMENTS = YES;
				CLANG_WARN_EMPTY_BODY = YES;
				CLANG_WARN_ENUM_CONVERSION = YES;
				CLANG_WARN_INFINITE_RECURSION = YES;
				CLANG_WARN_INT_CONVERSION = YES;
				CLANG_WARN_NON_LITERAL_NULL_CONVERSION = YES;
				CLANG_WARN_OBJC_IMPLICIT_RETAIN_SELF = YES;
				CLANG_WARN_OBJC_LITERAL_CONVERSION = YES;
				CLANG_WARN_OBJC_ROOT_CLASS = YES_ERROR;
				CLANG_WARN_QUOTED_INCLUDE_IN_FRAMEWORK_HEADER = YES;
				CLANG_WARN_RANGE_LOOP_ANALYSIS = YES;
				CLANG_WARN_STRICT_PROTOTYPES = YES;
				CLANG_WARN_SUSPICIOUS_MOVE = YES;
				CLANG_WARN_UNGUARDED_AVAILABILITY = YES_AGGRESSIVE;
				CLANG_WARN_UNREACHABLE_CODE = YES;
				CLANG_WARN__DUPLICATE_METHOD_MATCH = YES;
				COPY_PHASE_STRIP = NO;
				DEBUG_INFORMATION_FORMAT = dwarf;
				ENABLE_STRICT_OBJC_MSGSEND = YES;
				ENABLE_TESTABILITY = YES;
				ENABLE_USER_SCRIPT_SANDBOXING = YES;
				GCC_C_LANGUAGE_STANDARD = gnu17;
				GCC_DYNAMIC_NO_PIC = NO;
				GCC_NO_COMMON_BLOCKS = YES;
				GCC_OPTIMIZATION_LEVEL = 0;
				GCC_PREPROCESSOR_DEFINITIONS = (
					"DEBUG=1",
					"$(inherited)",
				);
				GCC_WARN_64_TO_32_BIT_CONVERSION = YES;
				GCC_WARN_ABOUT_RETURN_TYPE = YES_ERROR;
				GCC_WARN_UNDECLARED_SELECTOR = YES;
				GCC_WARN_UNINITIALIZED_AUTOS = YES_AGGRESSIVE;
				GCC_WARN_UNUSED_FUNCTION = YES;
				GCC_WARN_UNUSED_VARIABLE = YES;
				IPHONEOS_DEPLOYMENT_TARGET = 17.2;
				LOCALIZATION_PREFERS_STRING_CATALOGS = YES;
				MTL_ENABLE_DEBUG_INFO = INCLUDE_SOURCE;
				MTL_FAST_MATH = YES;
				ONLY_ACTIVE_ARCH = YES;
				SDKROOT = iphoneos;
				SWIFT_ACTIVE_COMPILATION_CONDITIONS = "DEBUG $(inherited)";
				SWIFT_OPTIMIZATION_LEVEL = "-Onone";
			};
			name = Debug;
		};
		D284201C2D2BE1ED00BED019 /* Release */ = {
			isa = XCBuildConfiguration;
			buildSettings = {
				ALWAYS_SEARCH_USER_PATHS = NO;
				ASSETCATALOG_COMPILER_GENERATE_SWIFT_ASSET_SYMBOL_EXTENSIONS = YES;
				CLANG_ANALYZER_NONNULL = YES;
				CLANG_ANALYZER_NUMBER_OBJECT_CONVERSION = YES_AGGRESSIVE;
				CLANG_CXX_LANGUAGE_STANDARD = "gnu++20";
				CLANG_ENABLE_MODULES = YES;
				CLANG_ENABLE_OBJC_ARC = YES;
				CLANG_ENABLE_OBJC_WEAK = YES;
				CLANG_WARN_BLOCK_CAPTURE_AUTORELEASING = YES;
				CLANG_WARN_BOOL_CONVERSION = YES;
				CLANG_WARN_COMMA = YES;
				CLANG_WARN_CONSTANT_CONVERSION = YES;
				CLANG_WARN_DEPRECATED_OBJC_IMPLEMENTATIONS = YES;
				CLANG_WARN_DIRECT_OBJC_ISA_USAGE = YES_ERROR;
				CLANG_WARN_DOCUMENTATION_COMMENTS = YES;
				CLANG_WARN_EMPTY_BODY = YES;
				CLANG_WARN_ENUM_CONVERSION = YES;
				CLANG_WARN_INFINITE_RECURSION = YES;
				CLANG_WARN_INT_CONVERSION = YES;
				CLANG_WARN_NON_LITERAL_NULL_CONVERSION = YES;
				CLANG_WARN_OBJC_IMPLICIT_RETAIN_SELF = YES;
				CLANG_WARN_OBJC_LITERAL_CONVERSION = YES;
				CLANG_WARN_OBJC_ROOT_CLASS = YES_ERROR;
				CLANG_WARN_QUOTED_INCLUDE_IN_FRAMEWORK_HEADER = YES;
				CLANG_WARN_RANGE_LOOP_ANALYSIS = YES;
				CLANG_WARN_STRICT_PROTOTYPES = YES;
				CLANG_WARN_SUSPICIOUS_MOVE = YES;
				CLANG_WARN_UNGUARDED_AVAILABILITY = YES_AGGRESSIVE;
				CLANG_WARN_UNREACHABLE_CODE = YES;
				CLANG_WARN__DUPLICATE_METHOD_MATCH = YES;
				COPY_PHASE_STRIP = NO;
				DEBUG_INFORMATION_FORMAT = "dwarf-with-dsym";
				ENABLE_NS_ASSERTIONS = NO;
				ENABLE_STRICT_OBJC_MSGSEND = YES;
				ENABLE_USER_SCRIPT_SANDBOXING = YES;
				GCC_C_LANGUAGE_STANDARD = gnu17;
				GCC_NO_COMMON_BLOCKS = YES;
				GCC_WARN_64_TO_32_BIT_CONVERSION = YES;
				GCC_WARN_ABOUT_RETURN_TYPE = YES_ERROR;
				GCC_WARN_UNDECLARED_SELECTOR = YES;
				GCC_WARN_UNINITIALIZED_AUTOS = YES_AGGRESSIVE;
				GCC_WARN_UNUSED_FUNCTION = YES;
				GCC_WARN_UNUSED_VARIABLE = YES;
				IPHONEOS_DEPLOYMENT_TARGET = 17.2;
				LOCALIZATION_PREFERS_STRING_CATALOGS = YES;
				MTL_ENABLE_DEBUG_INFO = NO;
				MTL_FAST_MATH = YES;
				SDKROOT = iphoneos;
				SWIFT_COMPILATION_MODE = wholemodule;
				VALIDATE_PRODUCT = YES;
			};
			name = Release;
		};
		D284201E2D2BE1ED00BED019 /* Debug */ = {
			isa = XCBuildConfiguration;
			baseConfigurationReference = 01EB42A6DC70198E2941B5B5 /* Pods-app.debug.xcconfig */;
			buildSettings = {
				ASSETCATALOG_COMPILER_APPICON_NAME = AppIcon;
				ASSETCATALOG_COMPILER_GLOBAL_ACCENT_COLOR_NAME = AccentColor;
				CODE_SIGN_STYLE = Automatic;
				CURRENT_PROJECT_VERSION = 1;
				DEVELOPMENT_ASSET_PATHS = "\"app/Preview Content\"";
				DEVELOPMENT_TEAM = NV37YB7768;
				ENABLE_PREVIEWS = YES;
				ENABLE_USER_SCRIPT_SANDBOXING = NO;
				FRAMEWORK_SEARCH_PATHS = (
					"$(inherited)",
					"$(PROJECT_DIR)",
					"$(PROJECT_DIR)/../TrackingSDK/Build/CustomOutput/**",
				);
				GENERATE_INFOPLIST_FILE = YES;
				INFOPLIST_KEY_NSUserTrackingUsageDescription = "";
				INFOPLIST_KEY_UIApplicationSceneManifest_Generation = YES;
				INFOPLIST_KEY_UIApplicationSupportsIndirectInputEvents = YES;
				INFOPLIST_KEY_UILaunchScreen_Generation = YES;
				INFOPLIST_KEY_UISupportedInterfaceOrientations_iPad = "UIInterfaceOrientationPortrait UIInterfaceOrientationPortraitUpsideDown UIInterfaceOrientationLandscapeLeft UIInterfaceOrientationLandscapeRight";
				INFOPLIST_KEY_UISupportedInterfaceOrientations_iPhone = "UIInterfaceOrientationPortrait UIInterfaceOrientationLandscapeLeft UIInterfaceOrientationLandscapeRight";
				IPHONEOS_DEPLOYMENT_TARGET = 15.6;
				LD_RUNPATH_SEARCH_PATHS = (
					"$(inherited)",
					"@executable_path/Frameworks",
				);
				MARKETING_VERSION = 1.0;
				PRODUCT_BUNDLE_IDENTIFIER = com.shujushuo.tracking.app;
				PRODUCT_NAME = "$(TARGET_NAME)";
				SWIFT_EMIT_LOC_STRINGS = YES;
				SWIFT_VERSION = 5.0;
				TARGETED_DEVICE_FAMILY = "1,2";
			};
			name = Debug;
		};
		D284201F2D2BE1ED00BED019 /* Release */ = {
			isa = XCBuildConfiguration;
			baseConfigurationReference = 56F5182BCBB30B77200C1B15 /* Pods-app.release.xcconfig */;
			buildSettings = {
				ASSETCATALOG_COMPILER_APPICON_NAME = AppIcon;
				ASSETCATALOG_COMPILER_GLOBAL_ACCENT_COLOR_NAME = AccentColor;
				CODE_SIGN_STYLE = Automatic;
				CURRENT_PROJECT_VERSION = 1;
				DEVELOPMENT_ASSET_PATHS = "\"app/Preview Content\"";
				DEVELOPMENT_TEAM = NV37YB7768;
				ENABLE_PREVIEWS = YES;
				ENABLE_USER_SCRIPT_SANDBOXING = NO;
				FRAMEWORK_SEARCH_PATHS = (
					"$(inherited)",
					"$(PROJECT_DIR)",
					"$(PROJECT_DIR)/../TrackingSDK/Build/CustomOutput/**",
				);
				GENERATE_INFOPLIST_FILE = YES;
				INFOPLIST_KEY_NSUserTrackingUsageDescription = "";
				INFOPLIST_KEY_UIApplicationSceneManifest_Generation = YES;
				INFOPLIST_KEY_UIApplicationSupportsIndirectInputEvents = YES;
				INFOPLIST_KEY_UILaunchScreen_Generation = YES;
				INFOPLIST_KEY_UISupportedInterfaceOrientations_iPad = "UIInterfaceOrientationPortrait UIInterfaceOrientationPortraitUpsideDown UIInterfaceOrientationLandscapeLeft UIInterfaceOrientationLandscapeRight";
				INFOPLIST_KEY_UISupportedInterfaceOrientations_iPhone = "UIInterfaceOrientationPortrait UIInterfaceOrientationLandscapeLeft UIInterfaceOrientationLandscapeRight";
				IPHONEOS_DEPLOYMENT_TARGET = 15.6;
				LD_RUNPATH_SEARCH_PATHS = (
					"$(inherited)",
					"@executable_path/Frameworks",
				);
				MARKETING_VERSION = 1.0;
				PRODUCT_BUNDLE_IDENTIFIER = com.shujushuo.tracking.app;
				PRODUCT_NAME = "$(TARGET_NAME)";
				SWIFT_EMIT_LOC_STRINGS = YES;
				SWIFT_VERSION = 5.0;
				TARGETED_DEVICE_FAMILY = "1,2";
			};
			name = Release;
		};
/* End XCBuildConfiguration section */

/* Begin XCConfigurationList section */
		D284200A2D2BE1EC00BED019 /* Build configuration list for PBXProject "app" */ = {
			isa = XCConfigurationList;
			buildConfigurations = (
				D284201B2D2BE1ED00BED019 /* Debug */,
				D284201C2D2BE1ED00BED019 /* Release */,
			);
			defaultConfigurationIsVisible = 0;
			defaultConfigurationName = Release;
		};
		D284201D2D2BE1ED00BED019 /* Build configuration list for PBXNativeTarget "app" */ = {
			isa = XCConfigurationList;
			buildConfigurations = (
				D284201E2D2BE1ED00BED019 /* Debug */,
				D284201F2D2BE1ED00BED019 /* Release */,
			);
			defaultConfigurationIsVisible = 0;
			defaultConfigurationName = Release;
		};
/* End XCConfigurationList section */
	};
	rootObject = D28420072D2BE1EC00BED019 /* Project object */;
}
